PODS:
  - EMLMenuBar (1.1)
  - Expecta (1.0.2)
  - Specta (1.0.3)

DEPENDENCIES:
  - EMLMenuBar (from `../`)
  - Expecta
  - Specta

EXTERNAL SOURCES:
  EMLMenuBar:
    :path: ../

SPEC CHECKSUMS:
  EMLMenuBar: 5d59298a997ca66aa3c8de279635f380d59d9cdb
  Expecta: 54e8a3530add08f4f0208c111355eda7cde74a53
  Specta: cf3e4188cf35375c3ee2cd03f8db8f1f4ef98234

COCOAPODS: 0.38.2
